
Microsoft Visual Studio Solution File, Format Version 12.00
# Visual Studio 15
VisualStudioVersion = 15.0.27130.2024
MinimumVisualStudioVersion = 10.0.40219.1
Project("{FAE04EC0-301F-11D3-BF4B-00C04F79EFBC}") = "BookList", "BookList\BookList.csproj", "{B42DD7C8-4DE1-478E-93EB-36CD0F06E16B}"
EndProject
Global
	GlobalSection(SolutionConfigurationPlatforms) = preSolution
		Debug|Any CPU = Debug|Any CPU
		Release|Any CPU = Release|Any CPU
	EndGlobalSection
	GlobalSection(ProjectConfigurationPlatforms) = postSolution
		{B42DD7C8-4DE1-478E-93EB-36CD0F06E16B}.Debug|Any CPU.ActiveCfg = Debug|Any CPU
		{B42DD7C8-4DE1-478E-93EB-36CD0F06E16B}.Debug|Any CPU.Build.0 = Debug|Any CPU
		{B42DD7C8-4DE1-478E-93EB-36CD0F06E16B}.Release|Any CPU.ActiveCfg = Release|Any CPU
		{B42DD7C8-4DE1-478E-93EB-36CD0F06E16B}.Release|Any CPU.Build.0 = Release|Any CPU
	EndGlobalSection
	GlobalSection(SolutionProperties) = preSolution
		HideSolutionNode = FALSE
	EndGlobalSection
	GlobalSection(ExtensibilityGlobals) = postSolution
		SolutionGuid = {7BD35C64-5096-4D07-BE0E-09D8F08391AA}
	EndGlobalSection
EndGlobal
